# This is a Gradle generated file for dependency locking.
# Manual edits can break the build and are not advised.
# This file is expected to be part of source control.
com.google.api.grpc:proto-google-common-protos:2.29.0=aggregateCodeCoverageReportResults,aggregateTestReportResults,allTestCompileProtoPath,allTestRuntimeClasspath,compileClasspath,compileProtoPath,implementationDependenciesMetadata,integrationTestCompileProtoPath,integrationTestRuntimeClasspath,runtimeClasspath,testCompileClasspath,testCompileProtoPath,testImplementationDependenciesMetadata,testRuntimeClasspath
com.google.code.findbugs:jsr305:3.0.2=aggregateCodeCoverageReportResults,aggregateTestReportResults,allTestCompileProtoPath,allTestRuntimeClasspath,compileClasspath,compileProtoPath,implementationDependenciesMetadata,integrationTestCompileProtoPath,integrationTestRuntimeClasspath,runtimeClasspath,testCompileClasspath,testCompileProtoPath,testImplementationDependenciesMetadata,testRuntimeClasspath
com.google.devtools.ksp:symbol-processing-api:1.9.21-1.0.16=kspAllTestKotlinProcessorClasspath,kspIntegrationTestKotlinProcessorClasspath,kspKotlinProcessorClasspath,kspTestKotlinProcessorClasspath
com.google.devtools.ksp:symbol-processing-api:1.9.22-1.0.17=kotlinCompilerPluginClasspathAllTest,kotlinCompilerPluginClasspathIntegrationTest,kotlinCompilerPluginClasspathMain,kotlinCompilerPluginClasspathTest,kspPluginClasspath,kspPluginClasspathNonEmbeddable
com.google.devtools.ksp:symbol-processing-cmdline:1.9.22-1.0.17=kspPluginClasspathNonEmbeddable
com.google.devtools.ksp:symbol-processing:1.9.22-1.0.17=kotlinCompilerPluginClasspathAllTest,kotlinCompilerPluginClasspathIntegrationTest,kotlinCompilerPluginClasspathMain,kotlinCompilerPluginClasspathTest,kspPluginClasspath
com.google.errorprone:error_prone_annotations:2.23.0=aggregateCodeCoverageReportResults,aggregateTestReportResults,allTestCompileProtoPath,allTestRuntimeClasspath,compileClasspath,compileProtoPath,implementationDependenciesMetadata,integrationTestCompileProtoPath,integrationTestRuntimeClasspath,runtimeClasspath,testCompileClasspath,testCompileProtoPath,testImplementationDependenciesMetadata,testRuntimeClasspath
com.google.guava:failureaccess:1.0.1=aggregateCodeCoverageReportResults,aggregateTestReportResults,allTestCompileProtoPath,allTestRuntimeClasspath,compileClasspath,compileProtoPath,implementationDependenciesMetadata,integrationTestCompileProtoPath,integrationTestRuntimeClasspath,runtimeClasspath,testCompileClasspath,testCompileProtoPath,testImplementationDependenciesMetadata,testRuntimeClasspath
com.google.guava:guava:32.1.3-android=aggregateCodeCoverageReportResults,aggregateTestReportResults,allTestCompileProtoPath,allTestRuntimeClasspath,compileClasspath,compileProtoPath,implementationDependenciesMetadata,integrationTestCompileProtoPath,integrationTestRuntimeClasspath,runtimeClasspath,testCompileClasspath,testCompileProtoPath,testImplementationDependenciesMetadata,testRuntimeClasspath
com.google.guava:listenablefuture:9999.0-empty-to-avoid-conflict-with-guava=aggregateCodeCoverageReportResults,aggregateTestReportResults,allTestCompileProtoPath,allTestRuntimeClasspath,compileClasspath,compileProtoPath,implementationDependenciesMetadata,integrationTestCompileProtoPath,integrationTestRuntimeClasspath,runtimeClasspath,testCompileClasspath,testCompileProtoPath,testImplementationDependenciesMetadata,testRuntimeClasspath
com.google.j2objc:j2objc-annotations:2.8=compileClasspath,implementationDependenciesMetadata,testCompileClasspath,testImplementationDependenciesMetadata
com.google.protobuf:protobuf-java:3.25.2=aggregateCodeCoverageReportResults,aggregateTestReportResults,allTestCompileProtoPath,allTestRuntimeClasspath,compileClasspath,compileProtoPath,implementationDependenciesMetadata,integrationTestCompileProtoPath,integrationTestRuntimeClasspath,runtimeClasspath,testCompileClasspath,testCompileProtoPath,testImplementationDependenciesMetadata,testRuntimeClasspath
com.google.protobuf:protobuf-kotlin:3.25.2=aggregateCodeCoverageReportResults,aggregateTestReportResults,allTestCompileProtoPath,allTestRuntimeClasspath,compileClasspath,compileProtoPath,implementationDependenciesMetadata,integrationTestCompileProtoPath,integrationTestRuntimeClasspath,runtimeClasspath,testCompileClasspath,testCompileProtoPath,testImplementationDependenciesMetadata,testRuntimeClasspath
com.google.protobuf:protoc:3.25.2=protobufToolsLocator_protoc
io.grpc:grpc-api:1.61.1=aggregateCodeCoverageReportResults,aggregateTestReportResults,allTestCompileProtoPath,allTestRuntimeClasspath,compileClasspath,compileProtoPath,implementationDependenciesMetadata,integrationTestCompileProtoPath,integrationTestRuntimeClasspath,runtimeClasspath,testCompileClasspath,testCompileProtoPath,testImplementationDependenciesMetadata,testRuntimeClasspath
io.grpc:grpc-kotlin-stub:1.4.1=aggregateCodeCoverageReportResults,aggregateTestReportResults,allTestCompileProtoPath,allTestRuntimeClasspath,compileClasspath,compileProtoPath,implementationDependenciesMetadata,integrationTestCompileProtoPath,integrationTestRuntimeClasspath,runtimeClasspath,testCompileClasspath,testCompileProtoPath,testImplementationDependenciesMetadata,testRuntimeClasspath
io.grpc:grpc-protobuf-lite:1.61.1=aggregateCodeCoverageReportResults,aggregateTestReportResults,allTestCompileProtoPath,allTestRuntimeClasspath,compileProtoPath,integrationTestCompileProtoPath,integrationTestRuntimeClasspath,runtimeClasspath,testCompileProtoPath,testRuntimeClasspath
io.grpc:grpc-protobuf:1.61.1=aggregateCodeCoverageReportResults,aggregateTestReportResults,allTestCompileProtoPath,allTestRuntimeClasspath,compileClasspath,compileProtoPath,implementationDependenciesMetadata,integrationTestCompileProtoPath,integrationTestRuntimeClasspath,runtimeClasspath,testCompileClasspath,testCompileProtoPath,testImplementationDependenciesMetadata,testRuntimeClasspath
io.grpc:grpc-stub:1.61.1=aggregateCodeCoverageReportResults,aggregateTestReportResults,allTestCompileProtoPath,allTestRuntimeClasspath,compileClasspath,compileProtoPath,implementationDependenciesMetadata,integrationTestCompileProtoPath,integrationTestRuntimeClasspath,runtimeClasspath,testCompileClasspath,testCompileProtoPath,testImplementationDependenciesMetadata,testRuntimeClasspath
io.grpc:protoc-gen-grpc-java:1.61.1=protobufToolsLocator_grpc
io.grpc:protoc-gen-grpc-kotlin:1.4.1=protobufToolsLocator_grpcKt
io.insert-koin:koin-annotations-jvm:1.3.1=kspAllTestKotlinProcessorClasspath,kspIntegrationTestKotlinProcessorClasspath,kspKotlinProcessorClasspath,kspTestKotlinProcessorClasspath
io.insert-koin:koin-annotations:1.3.1=kspAllTestKotlinProcessorClasspath,kspIntegrationTestKotlinProcessorClasspath,kspKotlinProcessorClasspath,kspTestKotlinProcessorClasspath
io.insert-koin:koin-core-jvm:3.5.3=kspAllTestKotlinProcessorClasspath,kspIntegrationTestKotlinProcessorClasspath,kspKotlinProcessorClasspath,kspTestKotlinProcessorClasspath
io.insert-koin:koin-core:3.5.3=kspAllTestKotlinProcessorClasspath,kspIntegrationTestKotlinProcessorClasspath,kspKotlinProcessorClasspath,kspTestKotlinProcessorClasspath
io.insert-koin:koin-ksp-compiler-jvm:1.3.1=kspAllTestKotlinProcessorClasspath,kspIntegrationTestKotlinProcessorClasspath,kspKotlinProcessorClasspath,kspTestKotlinProcessorClasspath
io.insert-koin:koin-ksp-compiler:1.3.1=kspAllTestKotlinProcessorClasspath,kspIntegrationTestKotlinProcessorClasspath,kspKotlinProcessorClasspath,kspTestKotlinProcessorClasspath
javax.annotation:javax.annotation-api:1.3.2=aggregateCodeCoverageReportResults,aggregateTestReportResults,allTestCompileProtoPath,allTestRuntimeClasspath,compileClasspath,compileProtoPath,implementationDependenciesMetadata,integrationTestCompileProtoPath,integrationTestRuntimeClasspath,runtimeClasspath,testCompileClasspath,testCompileProtoPath,testImplementationDependenciesMetadata,testRuntimeClasspath
net.bytebuddy:byte-buddy:1.14.11=aggregateCodeCoverageReportResults,aggregateTestReportResults,allTestCompileProtoPath,allTestRuntimeClasspath,compileClasspath,compileProtoPath,implementationDependenciesMetadata,integrationTestCompileProtoPath,integrationTestRuntimeClasspath,runtimeClasspath,testCompileClasspath,testCompileProtoPath,testImplementationDependenciesMetadata,testRuntimeClasspath
org.apiguardian:apiguardian-api:1.1.2=allTestCompileClasspath,allTestImplementationDependenciesMetadata,integrationTestCompileClasspath,integrationTestImplementationDependenciesMetadata,testCompileClasspath,testImplementationDependenciesMetadata
org.checkerframework:checker-qual:3.37.0=aggregateCodeCoverageReportResults,aggregateTestReportResults,allTestCompileProtoPath,allTestRuntimeClasspath,compileClasspath,compileProtoPath,implementationDependenciesMetadata,integrationTestCompileProtoPath,integrationTestRuntimeClasspath,runtimeClasspath,testCompileClasspath,testCompileProtoPath,testImplementationDependenciesMetadata,testRuntimeClasspath
org.jacoco:org.jacoco.agent:0.8.9=jacocoAgent,jacocoAnt
org.jacoco:org.jacoco.ant:0.8.9=jacocoAnt
org.jacoco:org.jacoco.core:0.8.9=jacocoAnt
org.jacoco:org.jacoco.report:0.8.9=jacocoAnt
org.jetbrains.intellij.deps:trove4j:1.0.20200330=kotlinBuildToolsApiClasspath,kotlinCompilerClasspath,kotlinKlibCommonizerClasspath
org.jetbrains.kotlin:kotlin-build-common:1.9.22=kotlinBuildToolsApiClasspath
org.jetbrains.kotlin:kotlin-build-tools-api:1.9.22=kotlinBuildToolsApiClasspath
org.jetbrains.kotlin:kotlin-build-tools-impl:1.9.22=kotlinBuildToolsApiClasspath
org.jetbrains.kotlin:kotlin-compiler-embeddable:1.9.22=kotlinBuildToolsApiClasspath,kotlinCompilerClasspath,kotlinKlibCommonizerClasspath
org.jetbrains.kotlin:kotlin-compiler-runner:1.9.22=kotlinBuildToolsApiClasspath
org.jetbrains.kotlin:kotlin-daemon-client:1.9.22=kotlinBuildToolsApiClasspath
org.jetbrains.kotlin:kotlin-daemon-embeddable:1.9.22=kotlinBuildToolsApiClasspath,kotlinCompilerClasspath,kotlinKlibCommonizerClasspath
org.jetbrains.kotlin:kotlin-klib-commonizer-embeddable:1.9.22=kotlinKlibCommonizerClasspath
org.jetbrains.kotlin:kotlin-reflect:1.6.10=kotlinBuildToolsApiClasspath,kotlinCompilerClasspath,kotlinKlibCommonizerClasspath
org.jetbrains.kotlin:kotlin-script-runtime:1.9.22=kotlinBuildToolsApiClasspath,kotlinCompilerClasspath,kotlinCompilerPluginClasspathAllTest,kotlinCompilerPluginClasspathIntegrationTest,kotlinCompilerPluginClasspathMain,kotlinCompilerPluginClasspathTest,kotlinKlibCommonizerClasspath
org.jetbrains.kotlin:kotlin-scripting-common:1.9.22=kotlinCompilerPluginClasspathAllTest,kotlinCompilerPluginClasspathIntegrationTest,kotlinCompilerPluginClasspathMain,kotlinCompilerPluginClasspathTest
org.jetbrains.kotlin:kotlin-scripting-compiler-embeddable:1.9.22=kotlinCompilerPluginClasspathAllTest,kotlinCompilerPluginClasspathIntegrationTest,kotlinCompilerPluginClasspathMain,kotlinCompilerPluginClasspathTest
org.jetbrains.kotlin:kotlin-scripting-compiler-impl-embeddable:1.9.22=kotlinCompilerPluginClasspathAllTest,kotlinCompilerPluginClasspathIntegrationTest,kotlinCompilerPluginClasspathMain,kotlinCompilerPluginClasspathTest
org.jetbrains.kotlin:kotlin-scripting-jvm:1.9.22=kotlinCompilerPluginClasspathAllTest,kotlinCompilerPluginClasspathIntegrationTest,kotlinCompilerPluginClasspathMain,kotlinCompilerPluginClasspathTest
org.jetbrains.kotlin:kotlin-serialization-compiler-plugin-embeddable:1.9.22=kotlinCompilerPluginClasspathAllTest,kotlinCompilerPluginClasspathIntegrationTest,kotlinCompilerPluginClasspathMain,kotlinCompilerPluginClasspathTest
org.jetbrains.kotlin:kotlin-stdlib-common:1.9.21=kspAllTestKotlinProcessorClasspath,kspIntegrationTestKotlinProcessorClasspath,kspKotlinProcessorClasspath,kspTestKotlinProcessorClasspath
org.jetbrains.kotlin:kotlin-stdlib-common:1.9.22=aggregateCodeCoverageReportResults,aggregateTestReportResults,allTestCompileProtoPath,allTestRuntimeClasspath,compileProtoPath,integrationTestCompileProtoPath,integrationTestRuntimeClasspath,runtimeClasspath,testCompileProtoPath,testRuntimeClasspath
org.jetbrains.kotlin:kotlin-stdlib-jdk7:1.8.20=aggregateCodeCoverageReportResults,aggregateTestReportResults,allTestCompileProtoPath,allTestRuntimeClasspath,compileProtoPath,integrationTestCompileProtoPath,integrationTestRuntimeClasspath,runtimeClasspath,testCompileProtoPath,testRuntimeClasspath
org.jetbrains.kotlin:kotlin-stdlib-jdk7:1.9.0=kotlinCompilerPluginClasspathAllTest,kotlinCompilerPluginClasspathIntegrationTest,kotlinCompilerPluginClasspathMain,kotlinCompilerPluginClasspathTest,kspPluginClasspath,kspPluginClasspathNonEmbeddable
org.jetbrains.kotlin:kotlin-stdlib-jdk7:1.9.21=kspAllTestKotlinProcessorClasspath,kspIntegrationTestKotlinProcessorClasspath,kspKotlinProcessorClasspath,kspTestKotlinProcessorClasspath
org.jetbrains.kotlin:kotlin-stdlib-jdk8:1.8.20=aggregateCodeCoverageReportResults,aggregateTestReportResults,allTestCompileProtoPath,allTestRuntimeClasspath,compileProtoPath,integrationTestCompileProtoPath,integrationTestRuntimeClasspath,runtimeClasspath,testCompileProtoPath,testRuntimeClasspath
org.jetbrains.kotlin:kotlin-stdlib-jdk8:1.9.0=kotlinCompilerPluginClasspathAllTest,kotlinCompilerPluginClasspathIntegrationTest,kotlinCompilerPluginClasspathMain,kotlinCompilerPluginClasspathTest,kspPluginClasspath,kspPluginClasspathNonEmbeddable
org.jetbrains.kotlin:kotlin-stdlib-jdk8:1.9.21=kspAllTestKotlinProcessorClasspath,kspIntegrationTestKotlinProcessorClasspath,kspKotlinProcessorClasspath,kspTestKotlinProcessorClasspath
org.jetbrains.kotlin:kotlin-stdlib:1.9.20=generatedByKspAllTestKotlinApiDependenciesMetadata,generatedByKspIntegrationTestKotlinApiDependenciesMetadata,generatedByKspKotlinApiDependenciesMetadata,generatedByKspTestKotlinImplementationDependenciesMetadata
org.jetbrains.kotlin:kotlin-stdlib:1.9.21=kspAllTestKotlinProcessorClasspath,kspIntegrationTestKotlinProcessorClasspath,kspKotlinProcessorClasspath,kspTestKotlinProcessorClasspath
org.jetbrains.kotlin:kotlin-stdlib:1.9.22=aggregateCodeCoverageReportResults,aggregateTestReportResults,allTestApiDependenciesMetadata,allTestCompileClasspath,allTestCompileProtoPath,allTestImplementationDependenciesMetadata,allTestRuntimeClasspath,apiDependenciesMetadata,compileClasspath,compileProtoPath,implementationDependenciesMetadata,integrationTestApiDependenciesMetadata,integrationTestCompileClasspath,integrationTestCompileProtoPath,integrationTestImplementationDependenciesMetadata,integrationTestRuntimeClasspath,kotlinBuildToolsApiClasspath,kotlinCompilerClasspath,kotlinCompilerPluginClasspathAllTest,kotlinCompilerPluginClasspathIntegrationTest,kotlinCompilerPluginClasspathMain,kotlinCompilerPluginClasspathTest,kotlinKlibCommonizerClasspath,kspPluginClasspath,kspPluginClasspathNonEmbeddable,runtimeClasspath,testCompileClasspath,testCompileProtoPath,testImplementationDependenciesMetadata,testRuntimeClasspath
org.jetbrains.kotlinx:kotlinx-coroutines-bom:1.7.3=aggregateCodeCoverageReportResults,aggregateTestReportResults,allTestCompileProtoPath,allTestRuntimeClasspath,compileProtoPath,integrationTestCompileProtoPath,integrationTestRuntimeClasspath,runtimeClasspath,testCompileProtoPath,testRuntimeClasspath
org.jetbrains.kotlinx:kotlinx-coroutines-core-jvm:1.5.0=kotlinBuildToolsApiClasspath
org.jetbrains.kotlinx:kotlinx-coroutines-core-jvm:1.7.3=aggregateCodeCoverageReportResults,aggregateTestReportResults,allTestCompileProtoPath,allTestRuntimeClasspath,compileProtoPath,integrationTestCompileProtoPath,integrationTestRuntimeClasspath,runtimeClasspath,testCompileProtoPath,testRuntimeClasspath
org.jetbrains:annotations:13.0=allTestCompileClasspath,compileClasspath,integrationTestCompileClasspath,kotlinBuildToolsApiClasspath,kotlinCompilerClasspath,kotlinCompilerPluginClasspathAllTest,kotlinCompilerPluginClasspathIntegrationTest,kotlinCompilerPluginClasspathMain,kotlinCompilerPluginClasspathTest,kotlinKlibCommonizerClasspath,kspAllTestKotlinProcessorClasspath,kspIntegrationTestKotlinProcessorClasspath,kspKotlinProcessorClasspath,kspPluginClasspath,kspPluginClasspathNonEmbeddable,kspTestKotlinProcessorClasspath,testCompileClasspath
org.jetbrains:annotations:23.0.0=aggregateCodeCoverageReportResults,aggregateTestReportResults,allTestCompileProtoPath,allTestRuntimeClasspath,compileProtoPath,integrationTestCompileProtoPath,integrationTestRuntimeClasspath,runtimeClasspath,testCompileProtoPath,testRuntimeClasspath
org.junit.jupiter:junit-jupiter-api:5.8.2=allTestCompileClasspath,allTestCompileProtoPath,allTestImplementationDependenciesMetadata,allTestRuntimeClasspath,integrationTestCompileClasspath,integrationTestCompileProtoPath,integrationTestImplementationDependenciesMetadata,integrationTestRuntimeClasspath,testCompileClasspath,testCompileProtoPath,testImplementationDependenciesMetadata,testRuntimeClasspath
org.junit.jupiter:junit-jupiter-engine:5.8.2=allTestCompileProtoPath,allTestRuntimeClasspath,integrationTestCompileProtoPath,integrationTestRuntimeClasspath,testCompileProtoPath,testRuntimeClasspath
org.junit.jupiter:junit-jupiter-params:5.8.2=allTestCompileClasspath,allTestCompileProtoPath,allTestImplementationDependenciesMetadata,allTestRuntimeClasspath,integrationTestCompileClasspath,integrationTestCompileProtoPath,integrationTestImplementationDependenciesMetadata,integrationTestRuntimeClasspath,testCompileClasspath,testCompileProtoPath,testImplementationDependenciesMetadata,testRuntimeClasspath
org.junit.jupiter:junit-jupiter:5.8.2=allTestCompileClasspath,allTestCompileProtoPath,allTestImplementationDependenciesMetadata,allTestRuntimeClasspath,integrationTestCompileClasspath,integrationTestCompileProtoPath,integrationTestImplementationDependenciesMetadata,integrationTestRuntimeClasspath,testCompileClasspath,testCompileProtoPath,testImplementationDependenciesMetadata,testRuntimeClasspath
org.junit.platform:junit-platform-commons:1.8.2=allTestCompileClasspath,allTestCompileProtoPath,allTestImplementationDependenciesMetadata,allTestRuntimeClasspath,integrationTestCompileClasspath,integrationTestCompileProtoPath,integrationTestImplementationDependenciesMetadata,integrationTestRuntimeClasspath,testCompileClasspath,testCompileProtoPath,testImplementationDependenciesMetadata,testRuntimeClasspath
org.junit.platform:junit-platform-engine:1.8.2=allTestCompileProtoPath,allTestRuntimeClasspath,integrationTestCompileProtoPath,integrationTestRuntimeClasspath,testCompileProtoPath,testRuntimeClasspath
org.junit.platform:junit-platform-launcher:1.8.2=allTestRuntimeClasspath,integrationTestRuntimeClasspath,testRuntimeClasspath
org.junit:junit-bom:5.8.2=allTestCompileClasspath,allTestCompileProtoPath,allTestImplementationDependenciesMetadata,allTestRuntimeClasspath,integrationTestCompileClasspath,integrationTestCompileProtoPath,integrationTestImplementationDependenciesMetadata,integrationTestRuntimeClasspath,testCompileClasspath,testCompileProtoPath,testImplementationDependenciesMetadata,testRuntimeClasspath
org.opentest4j:opentest4j:1.2.0=allTestCompileClasspath,allTestCompileProtoPath,allTestImplementationDependenciesMetadata,allTestRuntimeClasspath,integrationTestCompileClasspath,integrationTestCompileProtoPath,integrationTestImplementationDependenciesMetadata,integrationTestRuntimeClasspath,testCompileClasspath,testCompileProtoPath,testImplementationDependenciesMetadata,testRuntimeClasspath
org.ow2.asm:asm-commons:9.5=jacocoAnt
org.ow2.asm:asm-tree:9.5=jacocoAnt
org.ow2.asm:asm:9.5=jacocoAnt
empty=allTestAnnotationProcessor,allTestCompileOnlyDependenciesMetadata,allTestIntransitiveDependenciesMetadata,allTestKotlinScriptDef,allTestKotlinScriptDefExtensions,allTestProtobuf,annotationProcessor,compileOnlyDependenciesMetadata,generatedByKspAllTestKotlinCompileOnlyDependenciesMetadata,generatedByKspAllTestKotlinImplementationDependenciesMetadata,generatedByKspAllTestKotlinIntransitiveDependenciesMetadata,generatedByKspIntegrationTestKotlinCompileOnlyDependenciesMetadata,generatedByKspIntegrationTestKotlinImplementationDependenciesMetadata,generatedByKspIntegrationTestKotlinIntransitiveDependenciesMetadata,generatedByKspKotlinCompileOnlyDependenciesMetadata,generatedByKspKotlinImplementationDependenciesMetadata,generatedByKspKotlinIntransitiveDependenciesMetadata,generatedByKspTestKotlinApiDependenciesMetadata,generatedByKspTestKotlinCompileOnlyDependenciesMetadata,generatedByKspTestKotlinIntransitiveDependenciesMetadata,integrationTestAnnotationProcessor,integrationTestCompileOnlyDependenciesMetadata,integrationTestIntransitiveDependenciesMetadata,integrationTestKotlinScriptDef,integrationTestKotlinScriptDefExtensions,integrationTestProtobuf,intransitiveDependenciesMetadata,kotlinCompilerPluginClasspath,kotlinNativeCompilerPluginClasspath,kotlinScriptDef,kotlinScriptDefExtensions,protobuf,testAnnotationProcessor,testApiDependenciesMetadata,testCompileOnlyDependenciesMetadata,testIntransitiveDependenciesMetadata,testKotlinScriptDef,testKotlinScriptDefExtensions,testProtobuf
